
Microsoft Visual Studio Solution File, Format Version 12.00
# Visual Studio 14
VisualStudioVersion = 14.0.23107.0
MinimumVisualStudioVersion = 10.0.40219.1
Project("{FAE04EC0-301F-11D3-BF4B-00C04F79EFBC}") = "ClientLurk", "ClientLurk\ClientLurk.csproj", "{E2FEB2B5-AC1D-455C-B8A5-89DFB920E822}"
EndProject
Project("{FAE04EC0-301F-11D3-BF4B-00C04F79EFBC}") = "PHB.Apps.Lurk", "PHB.Apps.Lurk\PHB.Apps.Lurk.csproj", "{7C03C909-93EC-49CF-A0FA-987DC6B15B23}"
EndProject
Project("{FAE04EC0-301F-11D3-BF4B-00C04F79EFBC}") = "PHB.Apps.Lurk.Server", "PHB.Apps.Lurk.Server\PHB.Apps.Lurk.Server.csproj", "{53D5E2B4-61C1-49EA-B004-DFD8249CD8BA}"
EndProject
Project("{FAE04EC0-301F-11D3-BF4B-00C04F79EFBC}") = "ServerLurk", "ServerLurk\ServerLurk.csproj", "{6F358B62-4A05-4DF7-BC40-D7B8603550B0}"
EndProject
Project("{FAE04EC0-301F-11D3-BF4B-00C04F79EFBC}") = "DocumentLurk", "DocumentLurk\DocumentLurk.csproj", "{72BFD223-B3E0-401D-AE72-B4FEFF2FAA4A}"
EndProject
Project("{2150E333-8FDC-42A3-9474-1A3956D46DE8}") = "Misc", "Misc", "{E2170AAD-6082-442E-A706-6ECDC16EA6EA}"
EndProject
Project("{FAE04EC0-301F-11D3-BF4B-00C04F79EFBC}") = "PHB.Apps.Lurk.Client", "PHB.Apps.Lurk.Client\PHB.Apps.Lurk.Client.csproj", "{4B4A611C-2B5B-498D-B2B4-81ED02A3DC4C}"
EndProject
Project("{FAE04EC0-301F-11D3-BF4B-00C04F79EFBC}") = "Goedel.Protocol.Debug", "..\mmm\Goedel.Protocol.Debug\Goedel.Protocol.Debug.csproj", "{0586B4C1-814C-4D98-B6F1-180CD4E2FAAB}"
EndProject
Project("{FAE04EC0-301F-11D3-BF4B-00C04F79EFBC}") = "LibCrypto", "..\mmm\LibCrypto\LibCrypto.csproj", "{1BABC0E9-D939-4DE5-82A3-16752104B14B}"
EndProject
Project("{FAE04EC0-301F-11D3-BF4B-00C04F79EFBC}") = "LibCryptoJose", "..\mmm\LibCryptoJose\LibCryptoJose.csproj", "{59F7F1A5-ABBC-4830-B7A3-140FD8E4C369}"
EndProject
Project("{FAE04EC0-301F-11D3-BF4B-00C04F79EFBC}") = "LibDebug", "..\mmm\LibDebug\LibDebug.csproj", "{A8090B80-D658-45F6-BDA1-4F9DFD2B976F}"
EndProject
Project("{FAE04EC0-301F-11D3-BF4B-00C04F79EFBC}") = "LibProtoGen", "..\mmm\LibProtoGen\LibProtoGen.csproj", "{24419F2D-F425-4E0F-A0EA-9D3E7A57E12F}"
EndProject
Global
	GlobalSection(SolutionConfigurationPlatforms) = preSolution
		Debug|Any CPU = Debug|Any CPU
		Debug|ARM = Debug|ARM
		Debug|x64 = Debug|x64
		Debug|x86 = Debug|x86
		RaspberryPi|Any CPU = RaspberryPi|Any CPU
		RaspberryPi|ARM = RaspberryPi|ARM
		RaspberryPi|x64 = RaspberryPi|x64
		RaspberryPi|x86 = RaspberryPi|x86
		Release|Any CPU = Release|Any CPU
		Release|ARM = Release|ARM
		Release|x64 = Release|x64
		Release|x86 = Release|x86
	EndGlobalSection
	GlobalSection(ProjectConfigurationPlatforms) = postSolution
		{E2FEB2B5-AC1D-455C-B8A5-89DFB920E822}.Debug|Any CPU.ActiveCfg = Debug|Any CPU
		{E2FEB2B5-AC1D-455C-B8A5-89DFB920E822}.Debug|Any CPU.Build.0 = Debug|Any CPU
		{E2FEB2B5-AC1D-455C-B8A5-89DFB920E822}.Debug|ARM.ActiveCfg = Debug|Any CPU
		{E2FEB2B5-AC1D-455C-B8A5-89DFB920E822}.Debug|ARM.Build.0 = Debug|Any CPU
		{E2FEB2B5-AC1D-455C-B8A5-89DFB920E822}.Debug|x64.ActiveCfg = Debug|Any CPU
		{E2FEB2B5-AC1D-455C-B8A5-89DFB920E822}.Debug|x64.Build.0 = Debug|Any CPU
		{E2FEB2B5-AC1D-455C-B8A5-89DFB920E822}.Debug|x86.ActiveCfg = Debug|Any CPU
		{E2FEB2B5-AC1D-455C-B8A5-89DFB920E822}.Debug|x86.Build.0 = Debug|Any CPU
		{E2FEB2B5-AC1D-455C-B8A5-89DFB920E822}.RaspberryPi|Any CPU.ActiveCfg = Release|Any CPU
		{E2FEB2B5-AC1D-455C-B8A5-89DFB920E822}.RaspberryPi|Any CPU.Build.0 = Release|Any CPU
		{E2FEB2B5-AC1D-455C-B8A5-89DFB920E822}.RaspberryPi|ARM.ActiveCfg = Release|Any CPU
		{E2FEB2B5-AC1D-455C-B8A5-89DFB920E822}.RaspberryPi|ARM.Build.0 = Release|Any CPU
		{E2FEB2B5-AC1D-455C-B8A5-89DFB920E822}.RaspberryPi|x64.ActiveCfg = Release|Any CPU
		{E2FEB2B5-AC1D-455C-B8A5-89DFB920E822}.RaspberryPi|x64.Build.0 = Release|Any CPU
		{E2FEB2B5-AC1D-455C-B8A5-89DFB920E822}.RaspberryPi|x86.ActiveCfg = Release|Any CPU
		{E2FEB2B5-AC1D-455C-B8A5-89DFB920E822}.RaspberryPi|x86.Build.0 = Release|Any CPU
		{E2FEB2B5-AC1D-455C-B8A5-89DFB920E822}.Release|Any CPU.ActiveCfg = Release|Any CPU
		{E2FEB2B5-AC1D-455C-B8A5-89DFB920E822}.Release|Any CPU.Build.0 = Release|Any CPU
		{E2FEB2B5-AC1D-455C-B8A5-89DFB920E822}.Release|ARM.ActiveCfg = Release|Any CPU
		{E2FEB2B5-AC1D-455C-B8A5-89DFB920E822}.Release|ARM.Build.0 = Release|Any CPU
		{E2FEB2B5-AC1D-455C-B8A5-89DFB920E822}.Release|x64.ActiveCfg = Release|Any CPU
		{E2FEB2B5-AC1D-455C-B8A5-89DFB920E822}.Release|x64.Build.0 = Release|Any CPU
		{E2FEB2B5-AC1D-455C-B8A5-89DFB920E822}.Release|x86.ActiveCfg = Release|Any CPU
		{E2FEB2B5-AC1D-455C-B8A5-89DFB920E822}.Release|x86.Build.0 = Release|Any CPU
		{7C03C909-93EC-49CF-A0FA-987DC6B15B23}.Debug|Any CPU.ActiveCfg = Debug|Any CPU
		{7C03C909-93EC-49CF-A0FA-987DC6B15B23}.Debug|Any CPU.Build.0 = Debug|Any CPU
		{7C03C909-93EC-49CF-A0FA-987DC6B15B23}.Debug|ARM.ActiveCfg = Debug|Any CPU
		{7C03C909-93EC-49CF-A0FA-987DC6B15B23}.Debug|ARM.Build.0 = Debug|Any CPU
		{7C03C909-93EC-49CF-A0FA-987DC6B15B23}.Debug|x64.ActiveCfg = Debug|Any CPU
		{7C03C909-93EC-49CF-A0FA-987DC6B15B23}.Debug|x64.Build.0 = Debug|Any CPU
		{7C03C909-93EC-49CF-A0FA-987DC6B15B23}.Debug|x86.ActiveCfg = Debug|Any CPU
		{7C03C909-93EC-49CF-A0FA-987DC6B15B23}.Debug|x86.Build.0 = Debug|Any CPU
		{7C03C909-93EC-49CF-A0FA-987DC6B15B23}.RaspberryPi|Any CPU.ActiveCfg = Release|Any CPU
		{7C03C909-93EC-49CF-A0FA-987DC6B15B23}.RaspberryPi|Any CPU.Build.0 = Release|Any CPU
		{7C03C909-93EC-49CF-A0FA-987DC6B15B23}.RaspberryPi|ARM.ActiveCfg = Release|Any CPU
		{7C03C909-93EC-49CF-A0FA-987DC6B15B23}.RaspberryPi|ARM.Build.0 = Release|Any CPU
		{7C03C909-93EC-49CF-A0FA-987DC6B15B23}.RaspberryPi|x64.ActiveCfg = Release|Any CPU
		{7C03C909-93EC-49CF-A0FA-987DC6B15B23}.RaspberryPi|x64.Build.0 = Release|Any CPU
		{7C03C909-93EC-49CF-A0FA-987DC6B15B23}.RaspberryPi|x86.ActiveCfg = Release|Any CPU
		{7C03C909-93EC-49CF-A0FA-987DC6B15B23}.RaspberryPi|x86.Build.0 = Release|Any CPU
		{7C03C909-93EC-49CF-A0FA-987DC6B15B23}.Release|Any CPU.ActiveCfg = Release|Any CPU
		{7C03C909-93EC-49CF-A0FA-987DC6B15B23}.Release|Any CPU.Build.0 = Release|Any CPU
		{7C03C909-93EC-49CF-A0FA-987DC6B15B23}.Release|ARM.ActiveCfg = Release|Any CPU
		{7C03C909-93EC-49CF-A0FA-987DC6B15B23}.Release|ARM.Build.0 = Release|Any CPU
		{7C03C909-93EC-49CF-A0FA-987DC6B15B23}.Release|x64.ActiveCfg = Release|Any CPU
		{7C03C909-93EC-49CF-A0FA-987DC6B15B23}.Release|x64.Build.0 = Release|Any CPU
		{7C03C909-93EC-49CF-A0FA-987DC6B15B23}.Release|x86.ActiveCfg = Release|Any CPU
		{7C03C909-93EC-49CF-A0FA-987DC6B15B23}.Release|x86.Build.0 = Release|Any CPU
		{53D5E2B4-61C1-49EA-B004-DFD8249CD8BA}.Debug|Any CPU.ActiveCfg = Debug|Any CPU
		{53D5E2B4-61C1-49EA-B004-DFD8249CD8BA}.Debug|Any CPU.Build.0 = Debug|Any CPU
		{53D5E2B4-61C1-49EA-B004-DFD8249CD8BA}.Debug|ARM.ActiveCfg = Debug|Any CPU
		{53D5E2B4-61C1-49EA-B004-DFD8249CD8BA}.Debug|ARM.Build.0 = Debug|Any CPU
		{53D5E2B4-61C1-49EA-B004-DFD8249CD8BA}.Debug|x64.ActiveCfg = Debug|Any CPU
		{53D5E2B4-61C1-49EA-B004-DFD8249CD8BA}.Debug|x64.Build.0 = Debug|Any CPU
		{53D5E2B4-61C1-49EA-B004-DFD8249CD8BA}.Debug|x86.ActiveCfg = Debug|Any CPU
		{53D5E2B4-61C1-49EA-B004-DFD8249CD8BA}.Debug|x86.Build.0 = Debug|Any CPU
		{53D5E2B4-61C1-49EA-B004-DFD8249CD8BA}.RaspberryPi|Any CPU.ActiveCfg = Release|Any CPU
		{53D5E2B4-61C1-49EA-B004-DFD8249CD8BA}.RaspberryPi|Any CPU.Build.0 = Release|Any CPU
		{53D5E2B4-61C1-49EA-B004-DFD8249CD8BA}.RaspberryPi|ARM.ActiveCfg = Release|Any CPU
		{53D5E2B4-61C1-49EA-B004-DFD8249CD8BA}.RaspberryPi|ARM.Build.0 = Release|Any CPU
		{53D5E2B4-61C1-49EA-B004-DFD8249CD8BA}.RaspberryPi|x64.ActiveCfg = Release|Any CPU
		{53D5E2B4-61C1-49EA-B004-DFD8249CD8BA}.RaspberryPi|x64.Build.0 = Release|Any CPU
		{53D5E2B4-61C1-49EA-B004-DFD8249CD8BA}.RaspberryPi|x86.ActiveCfg = Release|Any CPU
		{53D5E2B4-61C1-49EA-B004-DFD8249CD8BA}.RaspberryPi|x86.Build.0 = Release|Any CPU
		{53D5E2B4-61C1-49EA-B004-DFD8249CD8BA}.Release|Any CPU.ActiveCfg = Release|Any CPU
		{53D5E2B4-61C1-49EA-B004-DFD8249CD8BA}.Release|Any CPU.Build.0 = Release|Any CPU
		{53D5E2B4-61C1-49EA-B004-DFD8249CD8BA}.Release|ARM.ActiveCfg = Release|Any CPU
		{53D5E2B4-61C1-49EA-B004-DFD8249CD8BA}.Release|ARM.Build.0 = Release|Any CPU
		{53D5E2B4-61C1-49EA-B004-DFD8249CD8BA}.Release|x64.ActiveCfg = Release|Any CPU
		{53D5E2B4-61C1-49EA-B004-DFD8249CD8BA}.Release|x64.Build.0 = Release|Any CPU
		{53D5E2B4-61C1-49EA-B004-DFD8249CD8BA}.Release|x86.ActiveCfg = Release|Any CPU
		{53D5E2B4-61C1-49EA-B004-DFD8249CD8BA}.Release|x86.Build.0 = Release|Any CPU
		{6F358B62-4A05-4DF7-BC40-D7B8603550B0}.Debug|Any CPU.ActiveCfg = Debug|Any CPU
		{6F358B62-4A05-4DF7-BC40-D7B8603550B0}.Debug|Any CPU.Build.0 = Debug|Any CPU
		{6F358B62-4A05-4DF7-BC40-D7B8603550B0}.Debug|ARM.ActiveCfg = Debug|Any CPU
		{6F358B62-4A05-4DF7-BC40-D7B8603550B0}.Debug|ARM.Build.0 = Debug|Any CPU
		{6F358B62-4A05-4DF7-BC40-D7B8603550B0}.Debug|x64.ActiveCfg = Debug|Any CPU
		{6F358B62-4A05-4DF7-BC40-D7B8603550B0}.Debug|x64.Build.0 = Debug|Any CPU
		{6F358B62-4A05-4DF7-BC40-D7B8603550B0}.Debug|x86.ActiveCfg = Debug|Any CPU
		{6F358B62-4A05-4DF7-BC40-D7B8603550B0}.Debug|x86.Build.0 = Debug|Any CPU
		{6F358B62-4A05-4DF7-BC40-D7B8603550B0}.RaspberryPi|Any CPU.ActiveCfg = Release|Any CPU
		{6F358B62-4A05-4DF7-BC40-D7B8603550B0}.RaspberryPi|Any CPU.Build.0 = Release|Any CPU
		{6F358B62-4A05-4DF7-BC40-D7B8603550B0}.RaspberryPi|ARM.ActiveCfg = Release|Any CPU
		{6F358B62-4A05-4DF7-BC40-D7B8603550B0}.RaspberryPi|ARM.Build.0 = Release|Any CPU
		{6F358B62-4A05-4DF7-BC40-D7B8603550B0}.RaspberryPi|x64.ActiveCfg = Release|Any CPU
		{6F358B62-4A05-4DF7-BC40-D7B8603550B0}.RaspberryPi|x64.Build.0 = Release|Any CPU
		{6F358B62-4A05-4DF7-BC40-D7B8603550B0}.RaspberryPi|x86.ActiveCfg = Release|Any CPU
		{6F358B62-4A05-4DF7-BC40-D7B8603550B0}.RaspberryPi|x86.Build.0 = Release|Any CPU
		{6F358B62-4A05-4DF7-BC40-D7B8603550B0}.Release|Any CPU.ActiveCfg = Release|Any CPU
		{6F358B62-4A05-4DF7-BC40-D7B8603550B0}.Release|Any CPU.Build.0 = Release|Any CPU
		{6F358B62-4A05-4DF7-BC40-D7B8603550B0}.Release|ARM.ActiveCfg = Release|Any CPU
		{6F358B62-4A05-4DF7-BC40-D7B8603550B0}.Release|ARM.Build.0 = Release|Any CPU
		{6F358B62-4A05-4DF7-BC40-D7B8603550B0}.Release|x64.ActiveCfg = Release|Any CPU
		{6F358B62-4A05-4DF7-BC40-D7B8603550B0}.Release|x64.Build.0 = Release|Any CPU
		{6F358B62-4A05-4DF7-BC40-D7B8603550B0}.Release|x86.ActiveCfg = Release|Any CPU
		{6F358B62-4A05-4DF7-BC40-D7B8603550B0}.Release|x86.Build.0 = Release|Any CPU
		{72BFD223-B3E0-401D-AE72-B4FEFF2FAA4A}.Debug|Any CPU.ActiveCfg = Debug|Any CPU
		{72BFD223-B3E0-401D-AE72-B4FEFF2FAA4A}.Debug|Any CPU.Build.0 = Debug|Any CPU
		{72BFD223-B3E0-401D-AE72-B4FEFF2FAA4A}.Debug|ARM.ActiveCfg = Debug|Any CPU
		{72BFD223-B3E0-401D-AE72-B4FEFF2FAA4A}.Debug|ARM.Build.0 = Debug|Any CPU
		{72BFD223-B3E0-401D-AE72-B4FEFF2FAA4A}.Debug|x64.ActiveCfg = Debug|Any CPU
		{72BFD223-B3E0-401D-AE72-B4FEFF2FAA4A}.Debug|x64.Build.0 = Debug|Any CPU
		{72BFD223-B3E0-401D-AE72-B4FEFF2FAA4A}.Debug|x86.ActiveCfg = Debug|Any CPU
		{72BFD223-B3E0-401D-AE72-B4FEFF2FAA4A}.Debug|x86.Build.0 = Debug|Any CPU
		{72BFD223-B3E0-401D-AE72-B4FEFF2FAA4A}.RaspberryPi|Any CPU.ActiveCfg = Release|Any CPU
		{72BFD223-B3E0-401D-AE72-B4FEFF2FAA4A}.RaspberryPi|Any CPU.Build.0 = Release|Any CPU
		{72BFD223-B3E0-401D-AE72-B4FEFF2FAA4A}.RaspberryPi|ARM.ActiveCfg = Release|Any CPU
		{72BFD223-B3E0-401D-AE72-B4FEFF2FAA4A}.RaspberryPi|ARM.Build.0 = Release|Any CPU
		{72BFD223-B3E0-401D-AE72-B4FEFF2FAA4A}.RaspberryPi|x64.ActiveCfg = Release|Any CPU
		{72BFD223-B3E0-401D-AE72-B4FEFF2FAA4A}.RaspberryPi|x64.Build.0 = Release|Any CPU
		{72BFD223-B3E0-401D-AE72-B4FEFF2FAA4A}.RaspberryPi|x86.ActiveCfg = Release|Any CPU
		{72BFD223-B3E0-401D-AE72-B4FEFF2FAA4A}.RaspberryPi|x86.Build.0 = Release|Any CPU
		{72BFD223-B3E0-401D-AE72-B4FEFF2FAA4A}.Release|Any CPU.ActiveCfg = Release|Any CPU
		{72BFD223-B3E0-401D-AE72-B4FEFF2FAA4A}.Release|Any CPU.Build.0 = Release|Any CPU
		{72BFD223-B3E0-401D-AE72-B4FEFF2FAA4A}.Release|ARM.ActiveCfg = Release|Any CPU
		{72BFD223-B3E0-401D-AE72-B4FEFF2FAA4A}.Release|ARM.Build.0 = Release|Any CPU
		{72BFD223-B3E0-401D-AE72-B4FEFF2FAA4A}.Release|x64.ActiveCfg = Release|Any CPU
		{72BFD223-B3E0-401D-AE72-B4FEFF2FAA4A}.Release|x64.Build.0 = Release|Any CPU
		{72BFD223-B3E0-401D-AE72-B4FEFF2FAA4A}.Release|x86.ActiveCfg = Release|Any CPU
		{72BFD223-B3E0-401D-AE72-B4FEFF2FAA4A}.Release|x86.Build.0 = Release|Any CPU
		{4B4A611C-2B5B-498D-B2B4-81ED02A3DC4C}.Debug|Any CPU.ActiveCfg = Debug|Any CPU
		{4B4A611C-2B5B-498D-B2B4-81ED02A3DC4C}.Debug|Any CPU.Build.0 = Debug|Any CPU
		{4B4A611C-2B5B-498D-B2B4-81ED02A3DC4C}.Debug|ARM.ActiveCfg = Debug|Any CPU
		{4B4A611C-2B5B-498D-B2B4-81ED02A3DC4C}.Debug|ARM.Build.0 = Debug|Any CPU
		{4B4A611C-2B5B-498D-B2B4-81ED02A3DC4C}.Debug|x64.ActiveCfg = Debug|Any CPU
		{4B4A611C-2B5B-498D-B2B4-81ED02A3DC4C}.Debug|x64.Build.0 = Debug|Any CPU
		{4B4A611C-2B5B-498D-B2B4-81ED02A3DC4C}.Debug|x86.ActiveCfg = Debug|Any CPU
		{4B4A611C-2B5B-498D-B2B4-81ED02A3DC4C}.Debug|x86.Build.0 = Debug|Any CPU
		{4B4A611C-2B5B-498D-B2B4-81ED02A3DC4C}.RaspberryPi|Any CPU.ActiveCfg = Release|Any CPU
		{4B4A611C-2B5B-498D-B2B4-81ED02A3DC4C}.RaspberryPi|Any CPU.Build.0 = Release|Any CPU
		{4B4A611C-2B5B-498D-B2B4-81ED02A3DC4C}.RaspberryPi|ARM.ActiveCfg = Release|Any CPU
		{4B4A611C-2B5B-498D-B2B4-81ED02A3DC4C}.RaspberryPi|ARM.Build.0 = Release|Any CPU
		{4B4A611C-2B5B-498D-B2B4-81ED02A3DC4C}.RaspberryPi|x64.ActiveCfg = Release|Any CPU
		{4B4A611C-2B5B-498D-B2B4-81ED02A3DC4C}.RaspberryPi|x64.Build.0 = Release|Any CPU
		{4B4A611C-2B5B-498D-B2B4-81ED02A3DC4C}.RaspberryPi|x86.ActiveCfg = Release|Any CPU
		{4B4A611C-2B5B-498D-B2B4-81ED02A3DC4C}.RaspberryPi|x86.Build.0 = Release|Any CPU
		{4B4A611C-2B5B-498D-B2B4-81ED02A3DC4C}.Release|Any CPU.ActiveCfg = Release|Any CPU
		{4B4A611C-2B5B-498D-B2B4-81ED02A3DC4C}.Release|Any CPU.Build.0 = Release|Any CPU
		{4B4A611C-2B5B-498D-B2B4-81ED02A3DC4C}.Release|ARM.ActiveCfg = Release|Any CPU
		{4B4A611C-2B5B-498D-B2B4-81ED02A3DC4C}.Release|ARM.Build.0 = Release|Any CPU
		{4B4A611C-2B5B-498D-B2B4-81ED02A3DC4C}.Release|x64.ActiveCfg = Release|Any CPU
		{4B4A611C-2B5B-498D-B2B4-81ED02A3DC4C}.Release|x64.Build.0 = Release|Any CPU
		{4B4A611C-2B5B-498D-B2B4-81ED02A3DC4C}.Release|x86.ActiveCfg = Release|Any CPU
		{4B4A611C-2B5B-498D-B2B4-81ED02A3DC4C}.Release|x86.Build.0 = Release|Any CPU
		{0586B4C1-814C-4D98-B6F1-180CD4E2FAAB}.Debug|Any CPU.ActiveCfg = Debug|Any CPU
		{0586B4C1-814C-4D98-B6F1-180CD4E2FAAB}.Debug|Any CPU.Build.0 = Debug|Any CPU
		{0586B4C1-814C-4D98-B6F1-180CD4E2FAAB}.Debug|ARM.ActiveCfg = Debug|Any CPU
		{0586B4C1-814C-4D98-B6F1-180CD4E2FAAB}.Debug|ARM.Build.0 = Debug|Any CPU
		{0586B4C1-814C-4D98-B6F1-180CD4E2FAAB}.Debug|x64.ActiveCfg = Debug|Any CPU
		{0586B4C1-814C-4D98-B6F1-180CD4E2FAAB}.Debug|x64.Build.0 = Debug|Any CPU
		{0586B4C1-814C-4D98-B6F1-180CD4E2FAAB}.Debug|x86.ActiveCfg = Debug|Any CPU
		{0586B4C1-814C-4D98-B6F1-180CD4E2FAAB}.Debug|x86.Build.0 = Debug|Any CPU
		{0586B4C1-814C-4D98-B6F1-180CD4E2FAAB}.RaspberryPi|Any CPU.ActiveCfg = Release|Any CPU
		{0586B4C1-814C-4D98-B6F1-180CD4E2FAAB}.RaspberryPi|Any CPU.Build.0 = Release|Any CPU
		{0586B4C1-814C-4D98-B6F1-180CD4E2FAAB}.RaspberryPi|ARM.ActiveCfg = Release|Any CPU
		{0586B4C1-814C-4D98-B6F1-180CD4E2FAAB}.RaspberryPi|ARM.Build.0 = Release|Any CPU
		{0586B4C1-814C-4D98-B6F1-180CD4E2FAAB}.RaspberryPi|x64.ActiveCfg = Release|Any CPU
		{0586B4C1-814C-4D98-B6F1-180CD4E2FAAB}.RaspberryPi|x64.Build.0 = Release|Any CPU
		{0586B4C1-814C-4D98-B6F1-180CD4E2FAAB}.RaspberryPi|x86.ActiveCfg = Release|Any CPU
		{0586B4C1-814C-4D98-B6F1-180CD4E2FAAB}.RaspberryPi|x86.Build.0 = Release|Any CPU
		{0586B4C1-814C-4D98-B6F1-180CD4E2FAAB}.Release|Any CPU.ActiveCfg = Release|Any CPU
		{0586B4C1-814C-4D98-B6F1-180CD4E2FAAB}.Release|Any CPU.Build.0 = Release|Any CPU
		{0586B4C1-814C-4D98-B6F1-180CD4E2FAAB}.Release|ARM.ActiveCfg = Release|Any CPU
		{0586B4C1-814C-4D98-B6F1-180CD4E2FAAB}.Release|ARM.Build.0 = Release|Any CPU
		{0586B4C1-814C-4D98-B6F1-180CD4E2FAAB}.Release|x64.ActiveCfg = Release|Any CPU
		{0586B4C1-814C-4D98-B6F1-180CD4E2FAAB}.Release|x64.Build.0 = Release|Any CPU
		{0586B4C1-814C-4D98-B6F1-180CD4E2FAAB}.Release|x86.ActiveCfg = Release|Any CPU
		{0586B4C1-814C-4D98-B6F1-180CD4E2FAAB}.Release|x86.Build.0 = Release|Any CPU
		{1BABC0E9-D939-4DE5-82A3-16752104B14B}.Debug|Any CPU.ActiveCfg = Debug|Any CPU
		{1BABC0E9-D939-4DE5-82A3-16752104B14B}.Debug|Any CPU.Build.0 = Debug|Any CPU
		{1BABC0E9-D939-4DE5-82A3-16752104B14B}.Debug|ARM.ActiveCfg = Debug|Any CPU
		{1BABC0E9-D939-4DE5-82A3-16752104B14B}.Debug|ARM.Build.0 = Debug|Any CPU
		{1BABC0E9-D939-4DE5-82A3-16752104B14B}.Debug|x64.ActiveCfg = Debug|Any CPU
		{1BABC0E9-D939-4DE5-82A3-16752104B14B}.Debug|x64.Build.0 = Debug|Any CPU
		{1BABC0E9-D939-4DE5-82A3-16752104B14B}.Debug|x86.ActiveCfg = Debug|Any CPU
		{1BABC0E9-D939-4DE5-82A3-16752104B14B}.Debug|x86.Build.0 = Debug|Any CPU
		{1BABC0E9-D939-4DE5-82A3-16752104B14B}.RaspberryPi|Any CPU.ActiveCfg = RaspberryPi|Any CPU
		{1BABC0E9-D939-4DE5-82A3-16752104B14B}.RaspberryPi|Any CPU.Build.0 = RaspberryPi|Any CPU
		{1BABC0E9-D939-4DE5-82A3-16752104B14B}.RaspberryPi|ARM.ActiveCfg = RaspberryPi|Any CPU
		{1BABC0E9-D939-4DE5-82A3-16752104B14B}.RaspberryPi|ARM.Build.0 = RaspberryPi|Any CPU
		{1BABC0E9-D939-4DE5-82A3-16752104B14B}.RaspberryPi|x64.ActiveCfg = RaspberryPi|Any CPU
		{1BABC0E9-D939-4DE5-82A3-16752104B14B}.RaspberryPi|x64.Build.0 = RaspberryPi|Any CPU
		{1BABC0E9-D939-4DE5-82A3-16752104B14B}.RaspberryPi|x86.ActiveCfg = RaspberryPi|Any CPU
		{1BABC0E9-D939-4DE5-82A3-16752104B14B}.RaspberryPi|x86.Build.0 = RaspberryPi|Any CPU
		{1BABC0E9-D939-4DE5-82A3-16752104B14B}.Release|Any CPU.ActiveCfg = Release|Any CPU
		{1BABC0E9-D939-4DE5-82A3-16752104B14B}.Release|Any CPU.Build.0 = Release|Any CPU
		{1BABC0E9-D939-4DE5-82A3-16752104B14B}.Release|ARM.ActiveCfg = Release|Any CPU
		{1BABC0E9-D939-4DE5-82A3-16752104B14B}.Release|ARM.Build.0 = Release|Any CPU
		{1BABC0E9-D939-4DE5-82A3-16752104B14B}.Release|x64.ActiveCfg = Release|Any CPU
		{1BABC0E9-D939-4DE5-82A3-16752104B14B}.Release|x64.Build.0 = Release|Any CPU
		{1BABC0E9-D939-4DE5-82A3-16752104B14B}.Release|x86.ActiveCfg = Release|Any CPU
		{1BABC0E9-D939-4DE5-82A3-16752104B14B}.Release|x86.Build.0 = Release|Any CPU
		{59F7F1A5-ABBC-4830-B7A3-140FD8E4C369}.Debug|Any CPU.ActiveCfg = Debug|Any CPU
		{59F7F1A5-ABBC-4830-B7A3-140FD8E4C369}.Debug|Any CPU.Build.0 = Debug|Any CPU
		{59F7F1A5-ABBC-4830-B7A3-140FD8E4C369}.Debug|ARM.ActiveCfg = Debug|Any CPU
		{59F7F1A5-ABBC-4830-B7A3-140FD8E4C369}.Debug|ARM.Build.0 = Debug|Any CPU
		{59F7F1A5-ABBC-4830-B7A3-140FD8E4C369}.Debug|x64.ActiveCfg = Debug|Any CPU
		{59F7F1A5-ABBC-4830-B7A3-140FD8E4C369}.Debug|x64.Build.0 = Debug|Any CPU
		{59F7F1A5-ABBC-4830-B7A3-140FD8E4C369}.Debug|x86.ActiveCfg = Debug|x86
		{59F7F1A5-ABBC-4830-B7A3-140FD8E4C369}.Debug|x86.Build.0 = Debug|x86
		{59F7F1A5-ABBC-4830-B7A3-140FD8E4C369}.RaspberryPi|Any CPU.ActiveCfg = RaspberryPi|Any CPU
		{59F7F1A5-ABBC-4830-B7A3-140FD8E4C369}.RaspberryPi|Any CPU.Build.0 = RaspberryPi|Any CPU
		{59F7F1A5-ABBC-4830-B7A3-140FD8E4C369}.RaspberryPi|ARM.ActiveCfg = RaspberryPi|Any CPU
		{59F7F1A5-ABBC-4830-B7A3-140FD8E4C369}.RaspberryPi|ARM.Build.0 = RaspberryPi|Any CPU
		{59F7F1A5-ABBC-4830-B7A3-140FD8E4C369}.RaspberryPi|x64.ActiveCfg = RaspberryPi|Any CPU
		{59F7F1A5-ABBC-4830-B7A3-140FD8E4C369}.RaspberryPi|x64.Build.0 = RaspberryPi|Any CPU
		{59F7F1A5-ABBC-4830-B7A3-140FD8E4C369}.RaspberryPi|x86.ActiveCfg = RaspberryPi|x86
		{59F7F1A5-ABBC-4830-B7A3-140FD8E4C369}.RaspberryPi|x86.Build.0 = RaspberryPi|x86
		{59F7F1A5-ABBC-4830-B7A3-140FD8E4C369}.Release|Any CPU.ActiveCfg = Release|Any CPU
		{59F7F1A5-ABBC-4830-B7A3-140FD8E4C369}.Release|Any CPU.Build.0 = Release|Any CPU
		{59F7F1A5-ABBC-4830-B7A3-140FD8E4C369}.Release|ARM.ActiveCfg = Release|Any CPU
		{59F7F1A5-ABBC-4830-B7A3-140FD8E4C369}.Release|ARM.Build.0 = Release|Any CPU
		{59F7F1A5-ABBC-4830-B7A3-140FD8E4C369}.Release|x64.ActiveCfg = Release|Any CPU
		{59F7F1A5-ABBC-4830-B7A3-140FD8E4C369}.Release|x64.Build.0 = Release|Any CPU
		{59F7F1A5-ABBC-4830-B7A3-140FD8E4C369}.Release|x86.ActiveCfg = Release|x86
		{59F7F1A5-ABBC-4830-B7A3-140FD8E4C369}.Release|x86.Build.0 = Release|x86
		{A8090B80-D658-45F6-BDA1-4F9DFD2B976F}.Debug|Any CPU.ActiveCfg = Debug|Any CPU
		{A8090B80-D658-45F6-BDA1-4F9DFD2B976F}.Debug|Any CPU.Build.0 = Debug|Any CPU
		{A8090B80-D658-45F6-BDA1-4F9DFD2B976F}.Debug|ARM.ActiveCfg = Debug|Any CPU
		{A8090B80-D658-45F6-BDA1-4F9DFD2B976F}.Debug|ARM.Build.0 = Debug|Any CPU
		{A8090B80-D658-45F6-BDA1-4F9DFD2B976F}.Debug|x64.ActiveCfg = Debug|Any CPU
		{A8090B80-D658-45F6-BDA1-4F9DFD2B976F}.Debug|x64.Build.0 = Debug|Any CPU
		{A8090B80-D658-45F6-BDA1-4F9DFD2B976F}.Debug|x86.ActiveCfg = Debug|Any CPU
		{A8090B80-D658-45F6-BDA1-4F9DFD2B976F}.Debug|x86.Build.0 = Debug|Any CPU
		{A8090B80-D658-45F6-BDA1-4F9DFD2B976F}.RaspberryPi|Any CPU.ActiveCfg = RaspberryPi|Any CPU
		{A8090B80-D658-45F6-BDA1-4F9DFD2B976F}.RaspberryPi|Any CPU.Build.0 = RaspberryPi|Any CPU
		{A8090B80-D658-45F6-BDA1-4F9DFD2B976F}.RaspberryPi|ARM.ActiveCfg = RaspberryPi|Any CPU
		{A8090B80-D658-45F6-BDA1-4F9DFD2B976F}.RaspberryPi|ARM.Build.0 = RaspberryPi|Any CPU
		{A8090B80-D658-45F6-BDA1-4F9DFD2B976F}.RaspberryPi|x64.ActiveCfg = RaspberryPi|Any CPU
		{A8090B80-D658-45F6-BDA1-4F9DFD2B976F}.RaspberryPi|x64.Build.0 = RaspberryPi|Any CPU
		{A8090B80-D658-45F6-BDA1-4F9DFD2B976F}.RaspberryPi|x86.ActiveCfg = RaspberryPi|Any CPU
		{A8090B80-D658-45F6-BDA1-4F9DFD2B976F}.RaspberryPi|x86.Build.0 = RaspberryPi|Any CPU
		{A8090B80-D658-45F6-BDA1-4F9DFD2B976F}.Release|Any CPU.ActiveCfg = Release|Any CPU
		{A8090B80-D658-45F6-BDA1-4F9DFD2B976F}.Release|Any CPU.Build.0 = Release|Any CPU
		{A8090B80-D658-45F6-BDA1-4F9DFD2B976F}.Release|ARM.ActiveCfg = Release|Any CPU
		{A8090B80-D658-45F6-BDA1-4F9DFD2B976F}.Release|ARM.Build.0 = Release|Any CPU
		{A8090B80-D658-45F6-BDA1-4F9DFD2B976F}.Release|x64.ActiveCfg = Release|Any CPU
		{A8090B80-D658-45F6-BDA1-4F9DFD2B976F}.Release|x64.Build.0 = Release|Any CPU
		{A8090B80-D658-45F6-BDA1-4F9DFD2B976F}.Release|x86.ActiveCfg = Release|Any CPU
		{A8090B80-D658-45F6-BDA1-4F9DFD2B976F}.Release|x86.Build.0 = Release|Any CPU
		{24419F2D-F425-4E0F-A0EA-9D3E7A57E12F}.Debug|Any CPU.ActiveCfg = Debug|Any CPU
		{24419F2D-F425-4E0F-A0EA-9D3E7A57E12F}.Debug|Any CPU.Build.0 = Debug|Any CPU
		{24419F2D-F425-4E0F-A0EA-9D3E7A57E12F}.Debug|ARM.ActiveCfg = Debug|Any CPU
		{24419F2D-F425-4E0F-A0EA-9D3E7A57E12F}.Debug|ARM.Build.0 = Debug|Any CPU
		{24419F2D-F425-4E0F-A0EA-9D3E7A57E12F}.Debug|x64.ActiveCfg = Debug|Any CPU
		{24419F2D-F425-4E0F-A0EA-9D3E7A57E12F}.Debug|x64.Build.0 = Debug|Any CPU
		{24419F2D-F425-4E0F-A0EA-9D3E7A57E12F}.Debug|x86.ActiveCfg = Debug|Any CPU
		{24419F2D-F425-4E0F-A0EA-9D3E7A57E12F}.Debug|x86.Build.0 = Debug|Any CPU
		{24419F2D-F425-4E0F-A0EA-9D3E7A57E12F}.RaspberryPi|Any CPU.ActiveCfg = RaspberryPi|Any CPU
		{24419F2D-F425-4E0F-A0EA-9D3E7A57E12F}.RaspberryPi|Any CPU.Build.0 = RaspberryPi|Any CPU
		{24419F2D-F425-4E0F-A0EA-9D3E7A57E12F}.RaspberryPi|ARM.ActiveCfg = RaspberryPi|Any CPU
		{24419F2D-F425-4E0F-A0EA-9D3E7A57E12F}.RaspberryPi|ARM.Build.0 = RaspberryPi|Any CPU
		{24419F2D-F425-4E0F-A0EA-9D3E7A57E12F}.RaspberryPi|x64.ActiveCfg = RaspberryPi|Any CPU
		{24419F2D-F425-4E0F-A0EA-9D3E7A57E12F}.RaspberryPi|x64.Build.0 = RaspberryPi|Any CPU
		{24419F2D-F425-4E0F-A0EA-9D3E7A57E12F}.RaspberryPi|x86.ActiveCfg = RaspberryPi|Any CPU
		{24419F2D-F425-4E0F-A0EA-9D3E7A57E12F}.RaspberryPi|x86.Build.0 = RaspberryPi|Any CPU
		{24419F2D-F425-4E0F-A0EA-9D3E7A57E12F}.Release|Any CPU.ActiveCfg = Release|Any CPU
		{24419F2D-F425-4E0F-A0EA-9D3E7A57E12F}.Release|Any CPU.Build.0 = Release|Any CPU
		{24419F2D-F425-4E0F-A0EA-9D3E7A57E12F}.Release|ARM.ActiveCfg = Release|Any CPU
		{24419F2D-F425-4E0F-A0EA-9D3E7A57E12F}.Release|ARM.Build.0 = Release|Any CPU
		{24419F2D-F425-4E0F-A0EA-9D3E7A57E12F}.Release|x64.ActiveCfg = Release|Any CPU
		{24419F2D-F425-4E0F-A0EA-9D3E7A57E12F}.Release|x64.Build.0 = Release|Any CPU
		{24419F2D-F425-4E0F-A0EA-9D3E7A57E12F}.Release|x86.ActiveCfg = Release|Any CPU
		{24419F2D-F425-4E0F-A0EA-9D3E7A57E12F}.Release|x86.Build.0 = Release|Any CPU
	EndGlobalSection
	GlobalSection(SolutionProperties) = preSolution
		HideSolutionNode = FALSE
	EndGlobalSection
	GlobalSection(NestedProjects) = preSolution
		{0586B4C1-814C-4D98-B6F1-180CD4E2FAAB} = {E2170AAD-6082-442E-A706-6ECDC16EA6EA}
		{1BABC0E9-D939-4DE5-82A3-16752104B14B} = {E2170AAD-6082-442E-A706-6ECDC16EA6EA}
		{59F7F1A5-ABBC-4830-B7A3-140FD8E4C369} = {E2170AAD-6082-442E-A706-6ECDC16EA6EA}
		{A8090B80-D658-45F6-BDA1-4F9DFD2B976F} = {E2170AAD-6082-442E-A706-6ECDC16EA6EA}
		{24419F2D-F425-4E0F-A0EA-9D3E7A57E12F} = {E2170AAD-6082-442E-A706-6ECDC16EA6EA}
	EndGlobalSection
EndGlobal
